
Microsoft Visual Studio Solution File, Format Version 12.00
# Visual Studio Version 16
VisualStudioVersion = 16.0.31702.278
MinimumVisualStudioVersion = 10.0.40219.1
Project("{FAE04EC0-301F-11D3-BF4B-00C04F79EFBC}") = "JapaneseCrosswords", "JapaneseCrosswords\JapaneseCrosswords.csproj", "{59026A54-FEB1-4A8D-ACD6-BC6E9C416496}"
EndProject
Project("{FAE04EC0-301F-11D3-BF4B-00C04F79EFBC}") = "ShootLib", "ShootLib\ShootLib.csproj", "{C1850818-4B1F-485A-8C36-F7B12D8607DF}"
EndProject
Global
	GlobalSection(SolutionConfigurationPlatforms) = preSolution
		Debug|Any CPU = Debug|Any CPU
		Release|Any CPU = Release|Any CPU
	EndGlobalSection
	GlobalSection(ProjectConfigurationPlatforms) = postSolution
		{59026A54-FEB1-4A8D-ACD6-BC6E9C416496}.Debug|Any CPU.ActiveCfg = Debug|Any CPU
		{59026A54-FEB1-4A8D-ACD6-BC6E9C416496}.Debug|Any CPU.Build.0 = Debug|Any CPU
		{59026A54-FEB1-4A8D-ACD6-BC6E9C416496}.Release|Any CPU.ActiveCfg = Release|Any CPU
		{59026A54-FEB1-4A8D-ACD6-BC6E9C416496}.Release|Any CPU.Build.0 = Release|Any CPU
		{C1850818-4B1F-485A-8C36-F7B12D8607DF}.Debug|Any CPU.ActiveCfg = Debug|Any CPU
		{C1850818-4B1F-485A-8C36-F7B12D8607DF}.Debug|Any CPU.Build.0 = Debug|Any CPU
		{C1850818-4B1F-485A-8C36-F7B12D8607DF}.Release|Any CPU.ActiveCfg = Release|Any CPU
		{C1850818-4B1F-485A-8C36-F7B12D8607DF}.Release|Any CPU.Build.0 = Release|Any CPU
	EndGlobalSection
	GlobalSection(SolutionProperties) = preSolution
		HideSolutionNode = FALSE
	EndGlobalSection
	GlobalSection(ExtensibilityGlobals) = postSolution
		SolutionGuid = {A632D405-B607-4B0C-AF63-C66AA557EA95}
	EndGlobalSection
EndGlobal
